
Microsoft Visual Studio Solution File, Format Version 12.00
# Visual Studio Version 16
VisualStudioVersion = 16.0.31702.278
MinimumVisualStudioVersion = 10.0.40219.1
Project("{FAE04EC0-301F-11D3-BF4B-00C04F79EFBC}") = "Ejercicio_5_sharp", "Ejercicio_5_sharp\Ejercicio_5_sharp.csproj", "{1E43940C-8312-480F-9447-1DE3AB46E9B8}"
EndProject
Global
	GlobalSection(SolutionConfigurationPlatforms) = preSolution
		Debug|Any CPU = Debug|Any CPU
		Release|Any CPU = Release|Any CPU
	EndGlobalSection
	GlobalSection(ProjectConfigurationPlatforms) = postSolution
		{1E43940C-8312-480F-9447-1DE3AB46E9B8}.Debug|Any CPU.ActiveCfg = Debug|Any CPU
		{1E43940C-8312-480F-9447-1DE3AB46E9B8}.Debug|Any CPU.Build.0 = Debug|Any CPU
		{1E43940C-8312-480F-9447-1DE3AB46E9B8}.Release|Any CPU.ActiveCfg = Release|Any CPU
		{1E43940C-8312-480F-9447-1DE3AB46E9B8}.Release|Any CPU.Build.0 = Release|Any CPU
	EndGlobalSection
	GlobalSection(SolutionProperties) = preSolution
		HideSolutionNode = FALSE
	EndGlobalSection
	GlobalSection(ExtensibilityGlobals) = postSolution
		SolutionGuid = {8A39F40D-7DB2-45A9-BCAF-0D10E0E10E53}
	EndGlobalSection
EndGlobal
